
Microsoft Visual Studio Solution File, Format Version 12.00
# Visual Studio Version 16
VisualStudioVersion = 16.0.29020.237
MinimumVisualStudioVersion = 10.0.40219.1
Project("{8BC9CEB8-8B4A-11D0-8D11-00A0C91BC942}") = "Encode1Image", "Encode1Image\Encode1Image.vcxproj", "{ADBE5D3D-BBB1-46BD-ACB2-99B506D3BDF6}"
EndProject
Project("{8BC9CEB8-8B4A-11D0-8D11-00A0C91BC942}") = "H264WriterDLL", "H264WriterDLL\H264WriterDLL.vcxproj", "{6995F9C6-8BF3-447B-9290-995B32DAECF4}"
EndProject
Project("{FAE04EC0-301F-11D3-BF4B-00C04F79EFBC}") = "CSharpEncodeImage", "CSharpEncodeImage\CSharpEncodeImage.csproj", "{7850A716-A05F-4B22-BC06-048C6F671827}"
	ProjectSection(ProjectDependencies) = postProject
		{6995F9C6-8BF3-447B-9290-995B32DAECF4} = {6995F9C6-8BF3-447B-9290-995B32DAECF4}
	EndProjectSection
EndProject
Global
	GlobalSection(SolutionConfigurationPlatforms) = preSolution
		Debug|Any CPU = Debug|Any CPU
		Debug|x64 = Debug|x64
		Debug|x86 = Debug|x86
		Release|Any CPU = Release|Any CPU
		Release|x64 = Release|x64
		Release|x86 = Release|x86
	EndGlobalSection
	GlobalSection(ProjectConfigurationPlatforms) = postSolution
		{ADBE5D3D-BBB1-46BD-ACB2-99B506D3BDF6}.Debug|Any CPU.ActiveCfg = Debug|Win32
		{ADBE5D3D-BBB1-46BD-ACB2-99B506D3BDF6}.Debug|x64.ActiveCfg = Debug|x64
		{ADBE5D3D-BBB1-46BD-ACB2-99B506D3BDF6}.Debug|x64.Build.0 = Debug|x64
		{ADBE5D3D-BBB1-46BD-ACB2-99B506D3BDF6}.Debug|x86.ActiveCfg = Debug|Win32
		{ADBE5D3D-BBB1-46BD-ACB2-99B506D3BDF6}.Debug|x86.Build.0 = Debug|Win32
		{ADBE5D3D-BBB1-46BD-ACB2-99B506D3BDF6}.Release|Any CPU.ActiveCfg = Release|Win32
		{ADBE5D3D-BBB1-46BD-ACB2-99B506D3BDF6}.Release|x64.ActiveCfg = Release|x64
		{ADBE5D3D-BBB1-46BD-ACB2-99B506D3BDF6}.Release|x64.Build.0 = Release|x64
		{ADBE5D3D-BBB1-46BD-ACB2-99B506D3BDF6}.Release|x86.ActiveCfg = Release|Win32
		{ADBE5D3D-BBB1-46BD-ACB2-99B506D3BDF6}.Release|x86.Build.0 = Release|Win32
		{6995F9C6-8BF3-447B-9290-995B32DAECF4}.Debug|Any CPU.ActiveCfg = Debug|Win32
		{6995F9C6-8BF3-447B-9290-995B32DAECF4}.Debug|x64.ActiveCfg = Debug|x64
		{6995F9C6-8BF3-447B-9290-995B32DAECF4}.Debug|x64.Build.0 = Debug|x64
		{6995F9C6-8BF3-447B-9290-995B32DAECF4}.Debug|x86.ActiveCfg = Debug|Win32
		{6995F9C6-8BF3-447B-9290-995B32DAECF4}.Debug|x86.Build.0 = Debug|Win32
		{6995F9C6-8BF3-447B-9290-995B32DAECF4}.Release|Any CPU.ActiveCfg = Release|Win32
		{6995F9C6-8BF3-447B-9290-995B32DAECF4}.Release|x64.ActiveCfg = Release|x64
		{6995F9C6-8BF3-447B-9290-995B32DAECF4}.Release|x64.Build.0 = Release|x64
		{6995F9C6-8BF3-447B-9290-995B32DAECF4}.Release|x86.ActiveCfg = Release|Win32
		{6995F9C6-8BF3-447B-9290-995B32DAECF4}.Release|x86.Build.0 = Release|Win32
		{7850A716-A05F-4B22-BC06-048C6F671827}.Debug|Any CPU.ActiveCfg = Debug|Any CPU
		{7850A716-A05F-4B22-BC06-048C6F671827}.Debug|Any CPU.Build.0 = Debug|Any CPU
		{7850A716-A05F-4B22-BC06-048C6F671827}.Debug|x64.ActiveCfg = Debug|Any CPU
		{7850A716-A05F-4B22-BC06-048C6F671827}.Debug|x64.Build.0 = Debug|Any CPU
		{7850A716-A05F-4B22-BC06-048C6F671827}.Debug|x86.ActiveCfg = Debug|Any CPU
		{7850A716-A05F-4B22-BC06-048C6F671827}.Debug|x86.Build.0 = Debug|Any CPU
		{7850A716-A05F-4B22-BC06-048C6F671827}.Release|Any CPU.ActiveCfg = Release|Any CPU
		{7850A716-A05F-4B22-BC06-048C6F671827}.Release|Any CPU.Build.0 = Release|Any CPU
		{7850A716-A05F-4B22-BC06-048C6F671827}.Release|x64.ActiveCfg = Release|Any CPU
		{7850A716-A05F-4B22-BC06-048C6F671827}.Release|x64.Build.0 = Release|Any CPU
		{7850A716-A05F-4B22-BC06-048C6F671827}.Release|x86.ActiveCfg = Release|Any CPU
		{7850A716-A05F-4B22-BC06-048C6F671827}.Release|x86.Build.0 = Release|Any CPU
	EndGlobalSection
	GlobalSection(SolutionProperties) = preSolution
		HideSolutionNode = FALSE
	EndGlobalSection
	GlobalSection(ExtensibilityGlobals) = postSolution
		SolutionGuid = {B669C62B-FA11-4518-97C6-DC42AB99A91F}
	EndGlobalSection
EndGlobal
